
Microsoft Visual Studio Solution File, Format Version 11.00
# Visual Studio 2010
Project("{8BC9CEB8-8B4A-11D0-8D11-00A0C91BC942}") = "xmltree", "xmltree\xmltree.vcxproj", "{CFE0C422-B183-4CED-8B59-8C69F96F4048}"
	ProjectSection(ProjectDependencies) = postProject
		{CCCE3B08-C893-48EC-A135-FBE018B1E401} = {CCCE3B08-C893-48EC-A135-FBE018B1E401}
	EndProjectSection
EndProject
Project("{8BC9CEB8-8B4A-11D0-8D11-00A0C91BC942}") = "header", "header\header.vcxproj", "{CCCE3B08-C893-48EC-A135-FBE018B1E401}"
EndProject
Project("{8BC9CEB8-8B4A-11D0-8D11-00A0C91BC942}") = "gen", "gen\gen.vcxproj", "{F68F51E0-8AD4-41B4-A0A2-8A6EF9378B66}"
	ProjectSection(ProjectDependencies) = postProject
		{CCCE3B08-C893-48EC-A135-FBE018B1E401} = {CCCE3B08-C893-48EC-A135-FBE018B1E401}
	EndProjectSection
EndProject
Project("{8BC9CEB8-8B4A-11D0-8D11-00A0C91BC942}") = "treedag", "treedag\treedag.vcxproj", "{15B7805D-6D13-478B-9BC7-2455EF68638D}"
	ProjectSection(ProjectDependencies) = postProject
		{CCCE3B08-C893-48EC-A135-FBE018B1E401} = {CCCE3B08-C893-48EC-A135-FBE018B1E401}
	EndProjectSection
EndProject
Project("{8BC9CEB8-8B4A-11D0-8D11-00A0C91BC942}") = "imbisim", "imbisim\imbisim.vcxproj", "{3FFCC1A8-6DB8-42CA-B817-B9C946AE2A53}"
	ProjectSection(ProjectDependencies) = postProject
		{CCCE3B08-C893-48EC-A135-FBE018B1E401} = {CCCE3B08-C893-48EC-A135-FBE018B1E401}
	EndProjectSection
EndProject
Project("{8BC9CEB8-8B4A-11D0-8D11-00A0C91BC942}") = "vis", "vis\vis.vcxproj", "{37772D6C-223B-42C5-B536-B959E2379168}"
	ProjectSection(ProjectDependencies) = postProject
		{CCCE3B08-C893-48EC-A135-FBE018B1E401} = {CCCE3B08-C893-48EC-A135-FBE018B1E401}
	EndProjectSection
EndProject
Project("{8BC9CEB8-8B4A-11D0-8D11-00A0C91BC942}") = "dagdagfp", "dagdagfp\dagdagfp.vcxproj", "{45897BE9-8A2C-4E3F-A340-0404E161B21D}"
	ProjectSection(ProjectDependencies) = postProject
		{CCCE3B08-C893-48EC-A135-FBE018B1E401} = {CCCE3B08-C893-48EC-A135-FBE018B1E401}
	EndProjectSection
EndProject
Project("{8BC9CEB8-8B4A-11D0-8D11-00A0C91BC942}") = "dagfpdagfps", "dagfpdagfps\dagfpdagfps.vcxproj", "{A15CE541-E1BE-4F89-9472-81F0584D8279}"
	ProjectSection(ProjectDependencies) = postProject
		{CCCE3B08-C893-48EC-A135-FBE018B1E401} = {CCCE3B08-C893-48EC-A135-FBE018B1E401}
	EndProjectSection
EndProject
Project("{8BC9CEB8-8B4A-11D0-8D11-00A0C91BC942}") = "exbisim", "exbisim\exbisim.vcxproj", "{D7CB1EF3-BAAC-4C68-B0C1-7A168D2C4747}"
	ProjectSection(ProjectDependencies) = postProject
		{CCCE3B08-C893-48EC-A135-FBE018B1E401} = {CCCE3B08-C893-48EC-A135-FBE018B1E401}
	EndProjectSection
EndProject
Project("{8BC9CEB8-8B4A-11D0-8D11-00A0C91BC942}") = "graphstat", "graphstat\graphstat.vcxproj", "{FC0F7673-9F4B-4A76-80A9-72ED5FAC834D}"
	ProjectSection(ProjectDependencies) = postProject
		{CCCE3B08-C893-48EC-A135-FBE018B1E401} = {CCCE3B08-C893-48EC-A135-FBE018B1E401}
	EndProjectSection
EndProject
Project("{8BC9CEB8-8B4A-11D0-8D11-00A0C91BC942}") = "xmlbbisim", "xmlbbisim\xmlbbisim.vcxproj", "{0C0A71C9-30CD-42DE-B24D-BBDA6AC18F07}"
	ProjectSection(ProjectDependencies) = postProject
		{CCCE3B08-C893-48EC-A135-FBE018B1E401} = {CCCE3B08-C893-48EC-A135-FBE018B1E401}
	EndProjectSection
EndProject
Project("{8BC9CEB8-8B4A-11D0-8D11-00A0C91BC942}") = "xmldagfpr", "xmldagfpr\xmldagfpr.vcxproj", "{C018DCEB-C9F0-4C4C-81EC-3660C7FA8BB2}"
	ProjectSection(ProjectDependencies) = postProject
		{CCCE3B08-C893-48EC-A135-FBE018B1E401} = {CCCE3B08-C893-48EC-A135-FBE018B1E401}
	EndProjectSection
EndProject
Global
	GlobalSection(SubversionScc) = preSolution
		Svn-Managed = True
		Manager = AnkhSVN - Subversion Support for Visual Studio
	EndGlobalSection
	GlobalSection(SolutionConfigurationPlatforms) = preSolution
		Debug|Win32 = Debug|Win32
		Debug|x64 = Debug|x64
		Release|Win32 = Release|Win32
		Release|x64 = Release|x64
	EndGlobalSection
	GlobalSection(ProjectConfigurationPlatforms) = postSolution
		{CFE0C422-B183-4CED-8B59-8C69F96F4048}.Debug|Win32.ActiveCfg = Debug|Win32
		{CFE0C422-B183-4CED-8B59-8C69F96F4048}.Debug|Win32.Build.0 = Debug|Win32
		{CFE0C422-B183-4CED-8B59-8C69F96F4048}.Debug|x64.ActiveCfg = Debug|x64
		{CFE0C422-B183-4CED-8B59-8C69F96F4048}.Debug|x64.Build.0 = Debug|x64
		{CFE0C422-B183-4CED-8B59-8C69F96F4048}.Release|Win32.ActiveCfg = Release|Win32
		{CFE0C422-B183-4CED-8B59-8C69F96F4048}.Release|Win32.Build.0 = Release|Win32
		{CFE0C422-B183-4CED-8B59-8C69F96F4048}.Release|x64.ActiveCfg = Release|x64
		{CFE0C422-B183-4CED-8B59-8C69F96F4048}.Release|x64.Build.0 = Release|x64
		{CCCE3B08-C893-48EC-A135-FBE018B1E401}.Debug|Win32.ActiveCfg = Debug|Win32
		{CCCE3B08-C893-48EC-A135-FBE018B1E401}.Debug|Win32.Build.0 = Debug|Win32
		{CCCE3B08-C893-48EC-A135-FBE018B1E401}.Debug|x64.ActiveCfg = Debug|x64
		{CCCE3B08-C893-48EC-A135-FBE018B1E401}.Debug|x64.Build.0 = Debug|x64
		{CCCE3B08-C893-48EC-A135-FBE018B1E401}.Release|Win32.ActiveCfg = Release|Win32
		{CCCE3B08-C893-48EC-A135-FBE018B1E401}.Release|Win32.Build.0 = Release|Win32
		{CCCE3B08-C893-48EC-A135-FBE018B1E401}.Release|x64.ActiveCfg = Release|x64
		{CCCE3B08-C893-48EC-A135-FBE018B1E401}.Release|x64.Build.0 = Release|x64
		{F68F51E0-8AD4-41B4-A0A2-8A6EF9378B66}.Debug|Win32.ActiveCfg = Debug|Win32
		{F68F51E0-8AD4-41B4-A0A2-8A6EF9378B66}.Debug|Win32.Build.0 = Debug|Win32
		{F68F51E0-8AD4-41B4-A0A2-8A6EF9378B66}.Debug|x64.ActiveCfg = Debug|x64
		{F68F51E0-8AD4-41B4-A0A2-8A6EF9378B66}.Debug|x64.Build.0 = Debug|x64
		{F68F51E0-8AD4-41B4-A0A2-8A6EF9378B66}.Release|Win32.ActiveCfg = Release|Win32
		{F68F51E0-8AD4-41B4-A0A2-8A6EF9378B66}.Release|Win32.Build.0 = Release|Win32
		{F68F51E0-8AD4-41B4-A0A2-8A6EF9378B66}.Release|x64.ActiveCfg = Release|x64
		{F68F51E0-8AD4-41B4-A0A2-8A6EF9378B66}.Release|x64.Build.0 = Release|x64
		{15B7805D-6D13-478B-9BC7-2455EF68638D}.Debug|Win32.ActiveCfg = Debug|Win32
		{15B7805D-6D13-478B-9BC7-2455EF68638D}.Debug|Win32.Build.0 = Debug|Win32
		{15B7805D-6D13-478B-9BC7-2455EF68638D}.Debug|x64.ActiveCfg = Debug|x64
		{15B7805D-6D13-478B-9BC7-2455EF68638D}.Debug|x64.Build.0 = Debug|x64
		{15B7805D-6D13-478B-9BC7-2455EF68638D}.Release|Win32.ActiveCfg = Release|Win32
		{15B7805D-6D13-478B-9BC7-2455EF68638D}.Release|Win32.Build.0 = Release|Win32
		{15B7805D-6D13-478B-9BC7-2455EF68638D}.Release|x64.ActiveCfg = Release|x64
		{15B7805D-6D13-478B-9BC7-2455EF68638D}.Release|x64.Build.0 = Release|x64
		{3FFCC1A8-6DB8-42CA-B817-B9C946AE2A53}.Debug|Win32.ActiveCfg = Debug|Win32
		{3FFCC1A8-6DB8-42CA-B817-B9C946AE2A53}.Debug|Win32.Build.0 = Debug|Win32
		{3FFCC1A8-6DB8-42CA-B817-B9C946AE2A53}.Debug|x64.ActiveCfg = Debug|x64
		{3FFCC1A8-6DB8-42CA-B817-B9C946AE2A53}.Debug|x64.Build.0 = Debug|x64
		{3FFCC1A8-6DB8-42CA-B817-B9C946AE2A53}.Release|Win32.ActiveCfg = Release|Win32
		{3FFCC1A8-6DB8-42CA-B817-B9C946AE2A53}.Release|Win32.Build.0 = Release|Win32
		{3FFCC1A8-6DB8-42CA-B817-B9C946AE2A53}.Release|x64.ActiveCfg = Release|x64
		{3FFCC1A8-6DB8-42CA-B817-B9C946AE2A53}.Release|x64.Build.0 = Release|x64
		{37772D6C-223B-42C5-B536-B959E2379168}.Debug|Win32.ActiveCfg = Debug|Win32
		{37772D6C-223B-42C5-B536-B959E2379168}.Debug|Win32.Build.0 = Debug|Win32
		{37772D6C-223B-42C5-B536-B959E2379168}.Debug|x64.ActiveCfg = Debug|x64
		{37772D6C-223B-42C5-B536-B959E2379168}.Debug|x64.Build.0 = Debug|x64
		{37772D6C-223B-42C5-B536-B959E2379168}.Release|Win32.ActiveCfg = Release|Win32
		{37772D6C-223B-42C5-B536-B959E2379168}.Release|Win32.Build.0 = Release|Win32
		{37772D6C-223B-42C5-B536-B959E2379168}.Release|x64.ActiveCfg = Release|x64
		{37772D6C-223B-42C5-B536-B959E2379168}.Release|x64.Build.0 = Release|x64
		{45897BE9-8A2C-4E3F-A340-0404E161B21D}.Debug|Win32.ActiveCfg = Debug|Win32
		{45897BE9-8A2C-4E3F-A340-0404E161B21D}.Debug|Win32.Build.0 = Debug|Win32
		{45897BE9-8A2C-4E3F-A340-0404E161B21D}.Debug|x64.ActiveCfg = Debug|x64
		{45897BE9-8A2C-4E3F-A340-0404E161B21D}.Debug|x64.Build.0 = Debug|x64
		{45897BE9-8A2C-4E3F-A340-0404E161B21D}.Release|Win32.ActiveCfg = Release|Win32
		{45897BE9-8A2C-4E3F-A340-0404E161B21D}.Release|Win32.Build.0 = Release|Win32
		{45897BE9-8A2C-4E3F-A340-0404E161B21D}.Release|x64.ActiveCfg = Release|x64
		{45897BE9-8A2C-4E3F-A340-0404E161B21D}.Release|x64.Build.0 = Release|x64
		{A15CE541-E1BE-4F89-9472-81F0584D8279}.Debug|Win32.ActiveCfg = Debug|Win32
		{A15CE541-E1BE-4F89-9472-81F0584D8279}.Debug|Win32.Build.0 = Debug|Win32
		{A15CE541-E1BE-4F89-9472-81F0584D8279}.Debug|x64.ActiveCfg = Debug|x64
		{A15CE541-E1BE-4F89-9472-81F0584D8279}.Debug|x64.Build.0 = Debug|x64
		{A15CE541-E1BE-4F89-9472-81F0584D8279}.Release|Win32.ActiveCfg = Release|Win32
		{A15CE541-E1BE-4F89-9472-81F0584D8279}.Release|Win32.Build.0 = Release|Win32
		{A15CE541-E1BE-4F89-9472-81F0584D8279}.Release|x64.ActiveCfg = Release|x64
		{A15CE541-E1BE-4F89-9472-81F0584D8279}.Release|x64.Build.0 = Release|x64
		{D7CB1EF3-BAAC-4C68-B0C1-7A168D2C4747}.Debug|Win32.ActiveCfg = Debug|Win32
		{D7CB1EF3-BAAC-4C68-B0C1-7A168D2C4747}.Debug|Win32.Build.0 = Debug|Win32
		{D7CB1EF3-BAAC-4C68-B0C1-7A168D2C4747}.Debug|x64.ActiveCfg = Debug|x64
		{D7CB1EF3-BAAC-4C68-B0C1-7A168D2C4747}.Debug|x64.Build.0 = Debug|x64
		{D7CB1EF3-BAAC-4C68-B0C1-7A168D2C4747}.Release|Win32.ActiveCfg = Release|Win32
		{D7CB1EF3-BAAC-4C68-B0C1-7A168D2C4747}.Release|Win32.Build.0 = Release|Win32
		{D7CB1EF3-BAAC-4C68-B0C1-7A168D2C4747}.Release|x64.ActiveCfg = Release|x64
		{D7CB1EF3-BAAC-4C68-B0C1-7A168D2C4747}.Release|x64.Build.0 = Release|x64
		{FC0F7673-9F4B-4A76-80A9-72ED5FAC834D}.Debug|Win32.ActiveCfg = Debug|Win32
		{FC0F7673-9F4B-4A76-80A9-72ED5FAC834D}.Debug|Win32.Build.0 = Debug|Win32
		{FC0F7673-9F4B-4A76-80A9-72ED5FAC834D}.Debug|x64.ActiveCfg = Debug|x64
		{FC0F7673-9F4B-4A76-80A9-72ED5FAC834D}.Debug|x64.Build.0 = Debug|x64
		{FC0F7673-9F4B-4A76-80A9-72ED5FAC834D}.Release|Win32.ActiveCfg = Release|Win32
		{FC0F7673-9F4B-4A76-80A9-72ED5FAC834D}.Release|Win32.Build.0 = Release|Win32
		{FC0F7673-9F4B-4A76-80A9-72ED5FAC834D}.Release|x64.ActiveCfg = Release|x64
		{FC0F7673-9F4B-4A76-80A9-72ED5FAC834D}.Release|x64.Build.0 = Release|x64
		{0C0A71C9-30CD-42DE-B24D-BBDA6AC18F07}.Debug|Win32.ActiveCfg = Debug|Win32
		{0C0A71C9-30CD-42DE-B24D-BBDA6AC18F07}.Debug|Win32.Build.0 = Debug|Win32
		{0C0A71C9-30CD-42DE-B24D-BBDA6AC18F07}.Debug|x64.ActiveCfg = Debug|x64
		{0C0A71C9-30CD-42DE-B24D-BBDA6AC18F07}.Debug|x64.Build.0 = Debug|x64
		{0C0A71C9-30CD-42DE-B24D-BBDA6AC18F07}.Release|Win32.ActiveCfg = Release|Win32
		{0C0A71C9-30CD-42DE-B24D-BBDA6AC18F07}.Release|Win32.Build.0 = Release|Win32
		{0C0A71C9-30CD-42DE-B24D-BBDA6AC18F07}.Release|x64.ActiveCfg = Release|x64
		{0C0A71C9-30CD-42DE-B24D-BBDA6AC18F07}.Release|x64.Build.0 = Release|x64
		{C018DCEB-C9F0-4C4C-81EC-3660C7FA8BB2}.Debug|Win32.ActiveCfg = Debug|Win32
		{C018DCEB-C9F0-4C4C-81EC-3660C7FA8BB2}.Debug|Win32.Build.0 = Debug|Win32
		{C018DCEB-C9F0-4C4C-81EC-3660C7FA8BB2}.Debug|x64.ActiveCfg = Debug|x64
		{C018DCEB-C9F0-4C4C-81EC-3660C7FA8BB2}.Debug|x64.Build.0 = Debug|x64
		{C018DCEB-C9F0-4C4C-81EC-3660C7FA8BB2}.Release|Win32.ActiveCfg = Release|Win32
		{C018DCEB-C9F0-4C4C-81EC-3660C7FA8BB2}.Release|Win32.Build.0 = Release|Win32
		{C018DCEB-C9F0-4C4C-81EC-3660C7FA8BB2}.Release|x64.ActiveCfg = Release|x64
		{C018DCEB-C9F0-4C4C-81EC-3660C7FA8BB2}.Release|x64.Build.0 = Release|x64
	EndGlobalSection
	GlobalSection(SolutionProperties) = preSolution
		HideSolutionNode = FALSE
	EndGlobalSection
EndGlobal
