<?xml version="1.0" encoding="utf-8"?>
<Project ToolsVersion="4.0" xmlns="http://schemas.microsoft.com/developer/msbuild/2003">
  <ItemGroup>
    <ClCompile Include="xmlbbisim.cpp" />
    <ClCompile Include="xmlrecords.cpp" />
  </ItemGroup>
  <ItemGroup>
    <ClInclude Include="xmlbbisim.hpp" />
    <ClInclude Include="xmlrecords.hpp" />
  </ItemGroup>
</Project>